
Microsoft Visual Studio Solution File, Format Version 12.00
# Visual Studio Version 16
VisualStudioVersion = 16.0.31306.274
MinimumVisualStudioVersion = 10.0.40219.1
Project("{FAE04EC0-301F-11D3-BF4B-00C04F79EFBC}") = "CG.Caching.QuickStart", "CG.Caching.QuickStart.csproj", "{39D9F162-BBB5-486F-80B4-9195642DD492}"
EndProject
Project("{9A19103F-16F7-4668-BE54-9A1E7A4F7556}") = "CG.Caching", "..\..\src\CG.Caching\CG.Caching.csproj", "{226AA4A4-2E28-40ED-9B40-4F68C8CBE61F}"
EndProject
Global
	GlobalSection(SolutionConfigurationPlatforms) = preSolution
		Debug|Any CPU = Debug|Any CPU
		Release|Any CPU = Release|Any CPU
	EndGlobalSection
	GlobalSection(ProjectConfigurationPlatforms) = postSolution
		{39D9F162-BBB5-486F-80B4-9195642DD492}.Debug|Any CPU.ActiveCfg = Debug|Any CPU
		{39D9F162-BBB5-486F-80B4-9195642DD492}.Debug|Any CPU.Build.0 = Debug|Any CPU
		{39D9F162-BBB5-486F-80B4-9195642DD492}.Release|Any CPU.ActiveCfg = Release|Any CPU
		{39D9F162-BBB5-486F-80B4-9195642DD492}.Release|Any CPU.Build.0 = Release|Any CPU
		{226AA4A4-2E28-40ED-9B40-4F68C8CBE61F}.Debug|Any CPU.ActiveCfg = Debug|Any CPU
		{226AA4A4-2E28-40ED-9B40-4F68C8CBE61F}.Debug|Any CPU.Build.0 = Debug|Any CPU
		{226AA4A4-2E28-40ED-9B40-4F68C8CBE61F}.Release|Any CPU.ActiveCfg = Release|Any CPU
		{226AA4A4-2E28-40ED-9B40-4F68C8CBE61F}.Release|Any CPU.Build.0 = Release|Any CPU
	EndGlobalSection
	GlobalSection(SolutionProperties) = preSolution
		HideSolutionNode = FALSE
	EndGlobalSection
	GlobalSection(ExtensibilityGlobals) = postSolution
		SolutionGuid = {B5106F2D-FADE-45E9-857D-F8BABBEAB1A5}
	EndGlobalSection
EndGlobal
